
Microsoft Visual Studio Solution File, Format Version 12.00
# Visual Studio Version 16
VisualStudioVersion = 16.0.31105.61
MinimumVisualStudioVersion = 10.0.40219.1
Project("{9A19103F-16F7-4668-BE54-9A1E7A4F7556}") = "Classes", "Classes\Classes.csproj", "{6B4E1B29-DF02-4B2D-BBDC-419FB59324B5}"
EndProject
Project("{9A19103F-16F7-4668-BE54-9A1E7A4F7556}") = "CSharpIntermediate", "CSharpIntermediate\CSharpIntermediate.csproj", "{6E26DDCF-CFB7-45CF-9ACE-F96BB285D121}"
EndProject
Project("{9A19103F-16F7-4668-BE54-9A1E7A4F7556}") = "Methods", "Methods\Methods.csproj", "{A1FABBCA-E995-4F54-90E7-CA8BC5FDDB1A}"
EndProject
Project("{9A19103F-16F7-4668-BE54-9A1E7A4F7556}") = "Fields", "Fields\Fields.csproj", "{1684C80B-774E-46C2-A294-68529654606C}"
EndProject
Project("{9A19103F-16F7-4668-BE54-9A1E7A4F7556}") = "AccessModifiers", "AccessModifiers\AccessModifiers.csproj", "{638A6BA0-E3B8-486F-9D9A-3B5F78BC7C35}"
EndProject
Project("{9A19103F-16F7-4668-BE54-9A1E7A4F7556}") = "Properties", "Properties\Properties.csproj", "{6DC008B7-EBA1-4569-BCD1-85CF974CA0D6}"
EndProject
Project("{9A19103F-16F7-4668-BE54-9A1E7A4F7556}") = "Indexer", "Indexer\Indexer.csproj", "{6BAD7128-CBE3-4C0D-AF76-ED139BD070EA}"
EndProject
Project("{2150E333-8FDC-42A3-9474-1A3956D46DE8}") = "1-Classes", "1-Classes", "{077A9FED-D062-45F2-8A91-B5AC76EC5C41}"
EndProject
Project("{2150E333-8FDC-42A3-9474-1A3956D46DE8}") = "Topics", "Topics", "{F2C774A3-5A9D-49AA-B59F-853B1F5469F1}"
EndProject
Project("{2150E333-8FDC-42A3-9474-1A3956D46DE8}") = "Exercises", "Exercises", "{6249BFB5-96C9-4D94-88BA-34865CFD5C49}"
EndProject
Project("{FAE04EC0-301F-11D3-BF4B-00C04F79EFBC}") = "Stopwatch.DesktopApp", "Stopwatch.DesktopApp\Stopwatch.DesktopApp.csproj", "{499992A0-357D-44BD-B3BF-FF67C3DC254B}"
EndProject
Project("{FAE04EC0-301F-11D3-BF4B-00C04F79EFBC}") = "Stopwatch.API", "Stopwatch.API\Stopwatch.API.csproj", "{44B1D820-7587-464B-B44F-104D372FF4C6}"
EndProject
Project("{2150E333-8FDC-42A3-9474-1A3956D46DE8}") = "Stopwatch", "Stopwatch", "{D9802334-5BB0-43C4-82F8-32575AABB185}"
EndProject
Project("{2150E333-8FDC-42A3-9474-1A3956D46DE8}") = "Post", "Post", "{3E0CAC6D-5EF7-4D9D-B026-38375CA00C26}"
EndProject
Project("{FAE04EC0-301F-11D3-BF4B-00C04F79EFBC}") = "Voting.API", "Post.API\Voting.API.csproj", "{AF31A17C-C0B3-45A0-A30D-034EAE120FAA}"
EndProject
Project("{FAE04EC0-301F-11D3-BF4B-00C04F79EFBC}") = "Voting.DestopApp", "Post.DestopApp\Voting.DestopApp.csproj", "{D7E2186A-0BA7-45A9-A9E0-A11F08917EF8}"
EndProject
Project("{2150E333-8FDC-42A3-9474-1A3956D46DE8}") = "2-Association", "2-Association", "{A79934CC-A5EB-4F51-A28B-AE42EDAB8020}"
EndProject
Project("{2150E333-8FDC-42A3-9474-1A3956D46DE8}") = "Topics", "Topics", "{31A9C8C4-9600-4582-90CD-517FB1C7F2E2}"
EndProject
Project("{2150E333-8FDC-42A3-9474-1A3956D46DE8}") = "Exercises", "Exercises", "{D278DCC0-3773-4F2E-A101-C68AB66252CB}"
EndProject
Project("{9A19103F-16F7-4668-BE54-9A1E7A4F7556}") = "Inheritance.ConsoleApp", "Inheritance.ConsoleApp\Inheritance.ConsoleApp.csproj", "{2AD71C2B-0C69-4587-A668-1BA90FBD98AA}"
EndProject
Project("{9A19103F-16F7-4668-BE54-9A1E7A4F7556}") = "Composition.ConsoleApp", "Composition.ConsoleApp\Composition.ConsoleApp.csproj", "{BC7FFBD1-40EE-4EDD-8210-1DB1A4FF61E4}"
EndProject
Project("{9A19103F-16F7-4668-BE54-9A1E7A4F7556}") = "AccessModifiers.ConsoleApp", "AccessModifiers.ConsoleApp\AccessModifiers.ConsoleApp.csproj", "{8487D956-D4BB-4C9F-880A-C5EDFA007E33}"
EndProject
Project("{9A19103F-16F7-4668-BE54-9A1E7A4F7556}") = "Amazon", "Amazon\Amazon.csproj", "{0777CDDF-9DA5-4EFE-99E6-733EECA44263}"
EndProject
Project("{9A19103F-16F7-4668-BE54-9A1E7A4F7556}") = "Constructors.ConsoleApp", "Constructors.ConsoleApp\Constructors.ConsoleApp.csproj", "{16059DF5-97A1-4F68-BCD4-CD65B80E3083}"
EndProject
Project("{9A19103F-16F7-4668-BE54-9A1E7A4F7556}") = "Casting", "Casting\Casting.csproj", "{6B5776DB-7806-4A00-9209-0ADFDC60371E}"
EndProject
Project("{FAE04EC0-301F-11D3-BF4B-00C04F79EFBC}") = "WindowsFormsApp1", "WindowsFormsApp1\WindowsFormsApp1.csproj", "{A04B7015-5415-4F7F-A1CE-D98461681719}"
EndProject
Project("{9A19103F-16F7-4668-BE54-9A1E7A4F7556}") = "Boxing", "Boxing\Boxing.csproj", "{CABB2061-BB9E-4850-ABD7-E57153A799D2}"
EndProject
Project("{FAE04EC0-301F-11D3-BF4B-00C04F79EFBC}") = "Stack.API", "Stack.API\Stack.API.csproj", "{2BADEE0B-B326-4FA5-A3EB-89F853112B7C}"
EndProject
Project("{9A19103F-16F7-4668-BE54-9A1E7A4F7556}") = "Stack.ConsleApp", "Stack.ConsleApp\Stack.ConsleApp.csproj", "{E7F3F877-9DF4-4CCF-9C2F-881E7A388480}"
EndProject
Project("{2150E333-8FDC-42A3-9474-1A3956D46DE8}") = "3-OOP 3rd Pillar - Polymorphism", "3-OOP 3rd Pillar - Polymorphism", "{B6326A1E-37F7-42BB-8D40-B8730712F548}"
EndProject
Project("{2150E333-8FDC-42A3-9474-1A3956D46DE8}") = "Exercises", "Exercises", "{FED19732-2737-4CC4-B047-CDE0A25944B6}"
EndProject
Project("{2150E333-8FDC-42A3-9474-1A3956D46DE8}") = "Topics", "Topics", "{D57C56E9-1F1C-4C2D-8C42-2B611C2B7C45}"
EndProject
Project("{9A19103F-16F7-4668-BE54-9A1E7A4F7556}") = "MethodOverriding", "MethodOverriding\MethodOverriding.csproj", "{60501438-A8D5-4482-87B9-5240E8912E20}"
EndProject
Project("{9A19103F-16F7-4668-BE54-9A1E7A4F7556}") = "AbstractClasses", "AbstractClasses\AbstractClasses.csproj", "{F17CF054-4A56-4D13-9DB8-E45B306DCA7A}"
EndProject
Project("{FAE04EC0-301F-11D3-BF4B-00C04F79EFBC}") = "Database.Connection", "Database.Connection\Database.Connection.csproj", "{E0FC6F88-30B5-4FD7-AB07-5666A10D645A}"
EndProject
Project("{FAE04EC0-301F-11D3-BF4B-00C04F79EFBC}") = "Database.Command", "Database.Command\Database.Command.csproj", "{3823FAEE-0B35-4C69-8829-74A460DCF618}"
EndProject
Project("{9A19103F-16F7-4668-BE54-9A1E7A4F7556}") = "Database.Presentation", "Database.Presentation\Database.Presentation.csproj", "{1D0C4014-BE77-468E-B908-263ACFA71D6E}"
EndProject
Project("{2150E333-8FDC-42A3-9474-1A3956D46DE8}") = "4- Interfaces", "4- Interfaces", "{24B08FA1-F08B-40D9-9366-B20F022A0DF7}"
EndProject
Project("{2150E333-8FDC-42A3-9474-1A3956D46DE8}") = "Exercises", "Exercises", "{A52F5B48-4E92-49F6-AEDA-CF94ABE080DD}"
EndProject
Project("{2150E333-8FDC-42A3-9474-1A3956D46DE8}") = "Topics", "Topics", "{48C8AC24-B29A-46FE-AFED-11A272F3A05E}"
EndProject
Project("{9A19103F-16F7-4668-BE54-9A1E7A4F7556}") = "Testability", "Testability\Testability.csproj", "{EE5B1FFE-47C2-426D-AAF9-7F5D9558A1B0}"
EndProject
Project("{9A19103F-16F7-4668-BE54-9A1E7A4F7556}") = "Testability.UnitTests", "Testability.UnitTests\Testability.UnitTests.csproj", "{083DC13C-F603-4E76-9917-B4885EF6A753}"
EndProject
Project("{9A19103F-16F7-4668-BE54-9A1E7A4F7556}") = "Extensibility", "Extensibility\Extensibility.csproj", "{713F7716-28F4-45CD-A4B1-62A7899C1354}"
EndProject
Project("{9A19103F-16F7-4668-BE54-9A1E7A4F7556}") = "MultipleInheritance", "MultipleInheritance\MultipleInheritance.csproj", "{7BD652CB-7EF1-4991-BA74-0FCB39E64D16}"
EndProject
Project("{9A19103F-16F7-4668-BE54-9A1E7A4F7556}") = "Polymorphism", "Polymorphism\Polymorphism.csproj", "{1FE6C7C3-51E3-46E7-A1FA-9727FE8C6390}"
EndProject
Project("{FAE04EC0-301F-11D3-BF4B-00C04F79EFBC}") = "Interface.Engine.API", "Interface.Workflow.API\Interface.Engine.API.csproj", "{949AF4DE-4E97-447E-8F2E-9A9711119DEC}"
EndProject
Project("{9A19103F-16F7-4668-BE54-9A1E7A4F7556}") = "Interface.Engine.ConsoleApp", "Interface.Engine.ConsoleApp\Interface.Engine.ConsoleApp.csproj", "{AD82F1D3-40E9-484A-B1A6-5420A53B0474}"
EndProject
Project("{FAE04EC0-301F-11D3-BF4B-00C04F79EFBC}") = "Interface.Engine.UnitTests", "Interface.Engine.UnitTests\Interface.Engine.UnitTests.csproj", "{EF011080-0BBC-44CA-9FB1-8E550492E3FC}"
EndProject
Global
	GlobalSection(SolutionConfigurationPlatforms) = preSolution
		Debug|Any CPU = Debug|Any CPU
		Release|Any CPU = Release|Any CPU
	EndGlobalSection
	GlobalSection(ProjectConfigurationPlatforms) = postSolution
		{6B4E1B29-DF02-4B2D-BBDC-419FB59324B5}.Debug|Any CPU.ActiveCfg = Debug|Any CPU
		{6B4E1B29-DF02-4B2D-BBDC-419FB59324B5}.Debug|Any CPU.Build.0 = Debug|Any CPU
		{6B4E1B29-DF02-4B2D-BBDC-419FB59324B5}.Release|Any CPU.ActiveCfg = Release|Any CPU
		{6B4E1B29-DF02-4B2D-BBDC-419FB59324B5}.Release|Any CPU.Build.0 = Release|Any CPU
		{6E26DDCF-CFB7-45CF-9ACE-F96BB285D121}.Debug|Any CPU.ActiveCfg = Debug|Any CPU
		{6E26DDCF-CFB7-45CF-9ACE-F96BB285D121}.Debug|Any CPU.Build.0 = Debug|Any CPU
		{6E26DDCF-CFB7-45CF-9ACE-F96BB285D121}.Release|Any CPU.ActiveCfg = Release|Any CPU
		{6E26DDCF-CFB7-45CF-9ACE-F96BB285D121}.Release|Any CPU.Build.0 = Release|Any CPU
		{A1FABBCA-E995-4F54-90E7-CA8BC5FDDB1A}.Debug|Any CPU.ActiveCfg = Debug|Any CPU
		{A1FABBCA-E995-4F54-90E7-CA8BC5FDDB1A}.Debug|Any CPU.Build.0 = Debug|Any CPU
		{A1FABBCA-E995-4F54-90E7-CA8BC5FDDB1A}.Release|Any CPU.ActiveCfg = Release|Any CPU
		{A1FABBCA-E995-4F54-90E7-CA8BC5FDDB1A}.Release|Any CPU.Build.0 = Release|Any CPU
		{1684C80B-774E-46C2-A294-68529654606C}.Debug|Any CPU.ActiveCfg = Debug|Any CPU
		{1684C80B-774E-46C2-A294-68529654606C}.Debug|Any CPU.Build.0 = Debug|Any CPU
		{1684C80B-774E-46C2-A294-68529654606C}.Release|Any CPU.ActiveCfg = Release|Any CPU
		{1684C80B-774E-46C2-A294-68529654606C}.Release|Any CPU.Build.0 = Release|Any CPU
		{638A6BA0-E3B8-486F-9D9A-3B5F78BC7C35}.Debug|Any CPU.ActiveCfg = Debug|Any CPU
		{638A6BA0-E3B8-486F-9D9A-3B5F78BC7C35}.Debug|Any CPU.Build.0 = Debug|Any CPU
		{638A6BA0-E3B8-486F-9D9A-3B5F78BC7C35}.Release|Any CPU.ActiveCfg = Release|Any CPU
		{638A6BA0-E3B8-486F-9D9A-3B5F78BC7C35}.Release|Any CPU.Build.0 = Release|Any CPU
		{6DC008B7-EBA1-4569-BCD1-85CF974CA0D6}.Debug|Any CPU.ActiveCfg = Debug|Any CPU
		{6DC008B7-EBA1-4569-BCD1-85CF974CA0D6}.Debug|Any CPU.Build.0 = Debug|Any CPU
		{6DC008B7-EBA1-4569-BCD1-85CF974CA0D6}.Release|Any CPU.ActiveCfg = Release|Any CPU
		{6DC008B7-EBA1-4569-BCD1-85CF974CA0D6}.Release|Any CPU.Build.0 = Release|Any CPU
		{6BAD7128-CBE3-4C0D-AF76-ED139BD070EA}.Debug|Any CPU.ActiveCfg = Debug|Any CPU
		{6BAD7128-CBE3-4C0D-AF76-ED139BD070EA}.Debug|Any CPU.Build.0 = Debug|Any CPU
		{6BAD7128-CBE3-4C0D-AF76-ED139BD070EA}.Release|Any CPU.ActiveCfg = Release|Any CPU
		{6BAD7128-CBE3-4C0D-AF76-ED139BD070EA}.Release|Any CPU.Build.0 = Release|Any CPU
		{499992A0-357D-44BD-B3BF-FF67C3DC254B}.Debug|Any CPU.ActiveCfg = Debug|Any CPU
		{499992A0-357D-44BD-B3BF-FF67C3DC254B}.Debug|Any CPU.Build.0 = Debug|Any CPU
		{499992A0-357D-44BD-B3BF-FF67C3DC254B}.Release|Any CPU.ActiveCfg = Release|Any CPU
		{499992A0-357D-44BD-B3BF-FF67C3DC254B}.Release|Any CPU.Build.0 = Release|Any CPU
		{44B1D820-7587-464B-B44F-104D372FF4C6}.Debug|Any CPU.ActiveCfg = Debug|Any CPU
		{44B1D820-7587-464B-B44F-104D372FF4C6}.Debug|Any CPU.Build.0 = Debug|Any CPU
		{44B1D820-7587-464B-B44F-104D372FF4C6}.Release|Any CPU.ActiveCfg = Release|Any CPU
		{44B1D820-7587-464B-B44F-104D372FF4C6}.Release|Any CPU.Build.0 = Release|Any CPU
		{AF31A17C-C0B3-45A0-A30D-034EAE120FAA}.Debug|Any CPU.ActiveCfg = Debug|Any CPU
		{AF31A17C-C0B3-45A0-A30D-034EAE120FAA}.Debug|Any CPU.Build.0 = Debug|Any CPU
		{AF31A17C-C0B3-45A0-A30D-034EAE120FAA}.Release|Any CPU.ActiveCfg = Release|Any CPU
		{AF31A17C-C0B3-45A0-A30D-034EAE120FAA}.Release|Any CPU.Build.0 = Release|Any CPU
		{D7E2186A-0BA7-45A9-A9E0-A11F08917EF8}.Debug|Any CPU.ActiveCfg = Debug|Any CPU
		{D7E2186A-0BA7-45A9-A9E0-A11F08917EF8}.Debug|Any CPU.Build.0 = Debug|Any CPU
		{D7E2186A-0BA7-45A9-A9E0-A11F08917EF8}.Release|Any CPU.ActiveCfg = Release|Any CPU
		{D7E2186A-0BA7-45A9-A9E0-A11F08917EF8}.Release|Any CPU.Build.0 = Release|Any CPU
		{2AD71C2B-0C69-4587-A668-1BA90FBD98AA}.Debug|Any CPU.ActiveCfg = Debug|Any CPU
		{2AD71C2B-0C69-4587-A668-1BA90FBD98AA}.Debug|Any CPU.Build.0 = Debug|Any CPU
		{2AD71C2B-0C69-4587-A668-1BA90FBD98AA}.Release|Any CPU.ActiveCfg = Release|Any CPU
		{2AD71C2B-0C69-4587-A668-1BA90FBD98AA}.Release|Any CPU.Build.0 = Release|Any CPU
		{BC7FFBD1-40EE-4EDD-8210-1DB1A4FF61E4}.Debug|Any CPU.ActiveCfg = Debug|Any CPU
		{BC7FFBD1-40EE-4EDD-8210-1DB1A4FF61E4}.Debug|Any CPU.Build.0 = Debug|Any CPU
		{BC7FFBD1-40EE-4EDD-8210-1DB1A4FF61E4}.Release|Any CPU.ActiveCfg = Release|Any CPU
		{BC7FFBD1-40EE-4EDD-8210-1DB1A4FF61E4}.Release|Any CPU.Build.0 = Release|Any CPU
		{8487D956-D4BB-4C9F-880A-C5EDFA007E33}.Debug|Any CPU.ActiveCfg = Debug|Any CPU
		{8487D956-D4BB-4C9F-880A-C5EDFA007E33}.Debug|Any CPU.Build.0 = Debug|Any CPU
		{8487D956-D4BB-4C9F-880A-C5EDFA007E33}.Release|Any CPU.ActiveCfg = Release|Any CPU
		{8487D956-D4BB-4C9F-880A-C5EDFA007E33}.Release|Any CPU.Build.0 = Release|Any CPU
		{0777CDDF-9DA5-4EFE-99E6-733EECA44263}.Debug|Any CPU.ActiveCfg = Debug|Any CPU
		{0777CDDF-9DA5-4EFE-99E6-733EECA44263}.Debug|Any CPU.Build.0 = Debug|Any CPU
		{0777CDDF-9DA5-4EFE-99E6-733EECA44263}.Release|Any CPU.ActiveCfg = Release|Any CPU
		{0777CDDF-9DA5-4EFE-99E6-733EECA44263}.Release|Any CPU.Build.0 = Release|Any CPU
		{16059DF5-97A1-4F68-BCD4-CD65B80E3083}.Debug|Any CPU.ActiveCfg = Debug|Any CPU
		{16059DF5-97A1-4F68-BCD4-CD65B80E3083}.Debug|Any CPU.Build.0 = Debug|Any CPU
		{16059DF5-97A1-4F68-BCD4-CD65B80E3083}.Release|Any CPU.ActiveCfg = Release|Any CPU
		{16059DF5-97A1-4F68-BCD4-CD65B80E3083}.Release|Any CPU.Build.0 = Release|Any CPU
		{6B5776DB-7806-4A00-9209-0ADFDC60371E}.Debug|Any CPU.ActiveCfg = Debug|Any CPU
		{6B5776DB-7806-4A00-9209-0ADFDC60371E}.Debug|Any CPU.Build.0 = Debug|Any CPU
		{6B5776DB-7806-4A00-9209-0ADFDC60371E}.Release|Any CPU.ActiveCfg = Release|Any CPU
		{6B5776DB-7806-4A00-9209-0ADFDC60371E}.Release|Any CPU.Build.0 = Release|Any CPU
		{A04B7015-5415-4F7F-A1CE-D98461681719}.Debug|Any CPU.ActiveCfg = Debug|Any CPU
		{A04B7015-5415-4F7F-A1CE-D98461681719}.Debug|Any CPU.Build.0 = Debug|Any CPU
		{A04B7015-5415-4F7F-A1CE-D98461681719}.Release|Any CPU.ActiveCfg = Release|Any CPU
		{A04B7015-5415-4F7F-A1CE-D98461681719}.Release|Any CPU.Build.0 = Release|Any CPU
		{CABB2061-BB9E-4850-ABD7-E57153A799D2}.Debug|Any CPU.ActiveCfg = Debug|Any CPU
		{CABB2061-BB9E-4850-ABD7-E57153A799D2}.Debug|Any CPU.Build.0 = Debug|Any CPU
		{CABB2061-BB9E-4850-ABD7-E57153A799D2}.Release|Any CPU.ActiveCfg = Release|Any CPU
		{CABB2061-BB9E-4850-ABD7-E57153A799D2}.Release|Any CPU.Build.0 = Release|Any CPU
		{2BADEE0B-B326-4FA5-A3EB-89F853112B7C}.Debug|Any CPU.ActiveCfg = Debug|Any CPU
		{2BADEE0B-B326-4FA5-A3EB-89F853112B7C}.Debug|Any CPU.Build.0 = Debug|Any CPU
		{2BADEE0B-B326-4FA5-A3EB-89F853112B7C}.Release|Any CPU.ActiveCfg = Release|Any CPU
		{2BADEE0B-B326-4FA5-A3EB-89F853112B7C}.Release|Any CPU.Build.0 = Release|Any CPU
		{E7F3F877-9DF4-4CCF-9C2F-881E7A388480}.Debug|Any CPU.ActiveCfg = Debug|Any CPU
		{E7F3F877-9DF4-4CCF-9C2F-881E7A388480}.Debug|Any CPU.Build.0 = Debug|Any CPU
		{E7F3F877-9DF4-4CCF-9C2F-881E7A388480}.Release|Any CPU.ActiveCfg = Release|Any CPU
		{E7F3F877-9DF4-4CCF-9C2F-881E7A388480}.Release|Any CPU.Build.0 = Release|Any CPU
		{60501438-A8D5-4482-87B9-5240E8912E20}.Debug|Any CPU.ActiveCfg = Debug|Any CPU
		{60501438-A8D5-4482-87B9-5240E8912E20}.Debug|Any CPU.Build.0 = Debug|Any CPU
		{60501438-A8D5-4482-87B9-5240E8912E20}.Release|Any CPU.ActiveCfg = Release|Any CPU
		{60501438-A8D5-4482-87B9-5240E8912E20}.Release|Any CPU.Build.0 = Release|Any CPU
		{F17CF054-4A56-4D13-9DB8-E45B306DCA7A}.Debug|Any CPU.ActiveCfg = Debug|Any CPU
		{F17CF054-4A56-4D13-9DB8-E45B306DCA7A}.Debug|Any CPU.Build.0 = Debug|Any CPU
		{F17CF054-4A56-4D13-9DB8-E45B306DCA7A}.Release|Any CPU.ActiveCfg = Release|Any CPU
		{F17CF054-4A56-4D13-9DB8-E45B306DCA7A}.Release|Any CPU.Build.0 = Release|Any CPU
		{E0FC6F88-30B5-4FD7-AB07-5666A10D645A}.Debug|Any CPU.ActiveCfg = Debug|Any CPU
		{E0FC6F88-30B5-4FD7-AB07-5666A10D645A}.Debug|Any CPU.Build.0 = Debug|Any CPU
		{E0FC6F88-30B5-4FD7-AB07-5666A10D645A}.Release|Any CPU.ActiveCfg = Release|Any CPU
		{E0FC6F88-30B5-4FD7-AB07-5666A10D645A}.Release|Any CPU.Build.0 = Release|Any CPU
		{3823FAEE-0B35-4C69-8829-74A460DCF618}.Debug|Any CPU.ActiveCfg = Debug|Any CPU
		{3823FAEE-0B35-4C69-8829-74A460DCF618}.Debug|Any CPU.Build.0 = Debug|Any CPU
		{3823FAEE-0B35-4C69-8829-74A460DCF618}.Release|Any CPU.ActiveCfg = Release|Any CPU
		{3823FAEE-0B35-4C69-8829-74A460DCF618}.Release|Any CPU.Build.0 = Release|Any CPU
		{1D0C4014-BE77-468E-B908-263ACFA71D6E}.Debug|Any CPU.ActiveCfg = Debug|Any CPU
		{1D0C4014-BE77-468E-B908-263ACFA71D6E}.Debug|Any CPU.Build.0 = Debug|Any CPU
		{1D0C4014-BE77-468E-B908-263ACFA71D6E}.Release|Any CPU.ActiveCfg = Release|Any CPU
		{1D0C4014-BE77-468E-B908-263ACFA71D6E}.Release|Any CPU.Build.0 = Release|Any CPU
		{EE5B1FFE-47C2-426D-AAF9-7F5D9558A1B0}.Debug|Any CPU.ActiveCfg = Debug|Any CPU
		{EE5B1FFE-47C2-426D-AAF9-7F5D9558A1B0}.Debug|Any CPU.Build.0 = Debug|Any CPU
		{EE5B1FFE-47C2-426D-AAF9-7F5D9558A1B0}.Release|Any CPU.ActiveCfg = Release|Any CPU
		{EE5B1FFE-47C2-426D-AAF9-7F5D9558A1B0}.Release|Any CPU.Build.0 = Release|Any CPU
		{083DC13C-F603-4E76-9917-B4885EF6A753}.Debug|Any CPU.ActiveCfg = Debug|Any CPU
		{083DC13C-F603-4E76-9917-B4885EF6A753}.Debug|Any CPU.Build.0 = Debug|Any CPU
		{083DC13C-F603-4E76-9917-B4885EF6A753}.Release|Any CPU.ActiveCfg = Release|Any CPU
		{083DC13C-F603-4E76-9917-B4885EF6A753}.Release|Any CPU.Build.0 = Release|Any CPU
		{713F7716-28F4-45CD-A4B1-62A7899C1354}.Debug|Any CPU.ActiveCfg = Debug|Any CPU
		{713F7716-28F4-45CD-A4B1-62A7899C1354}.Debug|Any CPU.Build.0 = Debug|Any CPU
		{713F7716-28F4-45CD-A4B1-62A7899C1354}.Release|Any CPU.ActiveCfg = Release|Any CPU
		{713F7716-28F4-45CD-A4B1-62A7899C1354}.Release|Any CPU.Build.0 = Release|Any CPU
		{7BD652CB-7EF1-4991-BA74-0FCB39E64D16}.Debug|Any CPU.ActiveCfg = Debug|Any CPU
		{7BD652CB-7EF1-4991-BA74-0FCB39E64D16}.Debug|Any CPU.Build.0 = Debug|Any CPU
		{7BD652CB-7EF1-4991-BA74-0FCB39E64D16}.Release|Any CPU.ActiveCfg = Release|Any CPU
		{7BD652CB-7EF1-4991-BA74-0FCB39E64D16}.Release|Any CPU.Build.0 = Release|Any CPU
		{1FE6C7C3-51E3-46E7-A1FA-9727FE8C6390}.Debug|Any CPU.ActiveCfg = Debug|Any CPU
		{1FE6C7C3-51E3-46E7-A1FA-9727FE8C6390}.Debug|Any CPU.Build.0 = Debug|Any CPU
		{1FE6C7C3-51E3-46E7-A1FA-9727FE8C6390}.Release|Any CPU.ActiveCfg = Release|Any CPU
		{1FE6C7C3-51E3-46E7-A1FA-9727FE8C6390}.Release|Any CPU.Build.0 = Release|Any CPU
		{949AF4DE-4E97-447E-8F2E-9A9711119DEC}.Debug|Any CPU.ActiveCfg = Debug|Any CPU
		{949AF4DE-4E97-447E-8F2E-9A9711119DEC}.Debug|Any CPU.Build.0 = Debug|Any CPU
		{949AF4DE-4E97-447E-8F2E-9A9711119DEC}.Release|Any CPU.ActiveCfg = Release|Any CPU
		{949AF4DE-4E97-447E-8F2E-9A9711119DEC}.Release|Any CPU.Build.0 = Release|Any CPU
		{AD82F1D3-40E9-484A-B1A6-5420A53B0474}.Debug|Any CPU.ActiveCfg = Debug|Any CPU
		{AD82F1D3-40E9-484A-B1A6-5420A53B0474}.Debug|Any CPU.Build.0 = Debug|Any CPU
		{AD82F1D3-40E9-484A-B1A6-5420A53B0474}.Release|Any CPU.ActiveCfg = Release|Any CPU
		{AD82F1D3-40E9-484A-B1A6-5420A53B0474}.Release|Any CPU.Build.0 = Release|Any CPU
		{EF011080-0BBC-44CA-9FB1-8E550492E3FC}.Debug|Any CPU.ActiveCfg = Debug|Any CPU
		{EF011080-0BBC-44CA-9FB1-8E550492E3FC}.Debug|Any CPU.Build.0 = Debug|Any CPU
		{EF011080-0BBC-44CA-9FB1-8E550492E3FC}.Release|Any CPU.ActiveCfg = Release|Any CPU
		{EF011080-0BBC-44CA-9FB1-8E550492E3FC}.Release|Any CPU.Build.0 = Release|Any CPU
	EndGlobalSection
	GlobalSection(SolutionProperties) = preSolution
		HideSolutionNode = FALSE
	EndGlobalSection
	GlobalSection(NestedProjects) = preSolution
		{6B4E1B29-DF02-4B2D-BBDC-419FB59324B5} = {F2C774A3-5A9D-49AA-B59F-853B1F5469F1}
		{6E26DDCF-CFB7-45CF-9ACE-F96BB285D121} = {F2C774A3-5A9D-49AA-B59F-853B1F5469F1}
		{A1FABBCA-E995-4F54-90E7-CA8BC5FDDB1A} = {F2C774A3-5A9D-49AA-B59F-853B1F5469F1}
		{1684C80B-774E-46C2-A294-68529654606C} = {F2C774A3-5A9D-49AA-B59F-853B1F5469F1}
		{638A6BA0-E3B8-486F-9D9A-3B5F78BC7C35} = {F2C774A3-5A9D-49AA-B59F-853B1F5469F1}
		{6DC008B7-EBA1-4569-BCD1-85CF974CA0D6} = {F2C774A3-5A9D-49AA-B59F-853B1F5469F1}
		{6BAD7128-CBE3-4C0D-AF76-ED139BD070EA} = {F2C774A3-5A9D-49AA-B59F-853B1F5469F1}
		{F2C774A3-5A9D-49AA-B59F-853B1F5469F1} = {077A9FED-D062-45F2-8A91-B5AC76EC5C41}
		{6249BFB5-96C9-4D94-88BA-34865CFD5C49} = {077A9FED-D062-45F2-8A91-B5AC76EC5C41}
		{499992A0-357D-44BD-B3BF-FF67C3DC254B} = {D9802334-5BB0-43C4-82F8-32575AABB185}
		{44B1D820-7587-464B-B44F-104D372FF4C6} = {D9802334-5BB0-43C4-82F8-32575AABB185}
		{D9802334-5BB0-43C4-82F8-32575AABB185} = {6249BFB5-96C9-4D94-88BA-34865CFD5C49}
		{3E0CAC6D-5EF7-4D9D-B026-38375CA00C26} = {6249BFB5-96C9-4D94-88BA-34865CFD5C49}
		{AF31A17C-C0B3-45A0-A30D-034EAE120FAA} = {3E0CAC6D-5EF7-4D9D-B026-38375CA00C26}
		{D7E2186A-0BA7-45A9-A9E0-A11F08917EF8} = {3E0CAC6D-5EF7-4D9D-B026-38375CA00C26}
		{31A9C8C4-9600-4582-90CD-517FB1C7F2E2} = {A79934CC-A5EB-4F51-A28B-AE42EDAB8020}
		{D278DCC0-3773-4F2E-A101-C68AB66252CB} = {A79934CC-A5EB-4F51-A28B-AE42EDAB8020}
		{2AD71C2B-0C69-4587-A668-1BA90FBD98AA} = {31A9C8C4-9600-4582-90CD-517FB1C7F2E2}
		{BC7FFBD1-40EE-4EDD-8210-1DB1A4FF61E4} = {31A9C8C4-9600-4582-90CD-517FB1C7F2E2}
		{8487D956-D4BB-4C9F-880A-C5EDFA007E33} = {31A9C8C4-9600-4582-90CD-517FB1C7F2E2}
		{0777CDDF-9DA5-4EFE-99E6-733EECA44263} = {31A9C8C4-9600-4582-90CD-517FB1C7F2E2}
		{16059DF5-97A1-4F68-BCD4-CD65B80E3083} = {31A9C8C4-9600-4582-90CD-517FB1C7F2E2}
		{6B5776DB-7806-4A00-9209-0ADFDC60371E} = {31A9C8C4-9600-4582-90CD-517FB1C7F2E2}
		{A04B7015-5415-4F7F-A1CE-D98461681719} = {31A9C8C4-9600-4582-90CD-517FB1C7F2E2}
		{CABB2061-BB9E-4850-ABD7-E57153A799D2} = {31A9C8C4-9600-4582-90CD-517FB1C7F2E2}
		{2BADEE0B-B326-4FA5-A3EB-89F853112B7C} = {D278DCC0-3773-4F2E-A101-C68AB66252CB}
		{E7F3F877-9DF4-4CCF-9C2F-881E7A388480} = {D278DCC0-3773-4F2E-A101-C68AB66252CB}
		{FED19732-2737-4CC4-B047-CDE0A25944B6} = {B6326A1E-37F7-42BB-8D40-B8730712F548}
		{D57C56E9-1F1C-4C2D-8C42-2B611C2B7C45} = {B6326A1E-37F7-42BB-8D40-B8730712F548}
		{60501438-A8D5-4482-87B9-5240E8912E20} = {D57C56E9-1F1C-4C2D-8C42-2B611C2B7C45}
		{F17CF054-4A56-4D13-9DB8-E45B306DCA7A} = {D57C56E9-1F1C-4C2D-8C42-2B611C2B7C45}
		{E0FC6F88-30B5-4FD7-AB07-5666A10D645A} = {FED19732-2737-4CC4-B047-CDE0A25944B6}
		{3823FAEE-0B35-4C69-8829-74A460DCF618} = {FED19732-2737-4CC4-B047-CDE0A25944B6}
		{1D0C4014-BE77-468E-B908-263ACFA71D6E} = {FED19732-2737-4CC4-B047-CDE0A25944B6}
		{A52F5B48-4E92-49F6-AEDA-CF94ABE080DD} = {24B08FA1-F08B-40D9-9366-B20F022A0DF7}
		{48C8AC24-B29A-46FE-AFED-11A272F3A05E} = {24B08FA1-F08B-40D9-9366-B20F022A0DF7}
		{EE5B1FFE-47C2-426D-AAF9-7F5D9558A1B0} = {48C8AC24-B29A-46FE-AFED-11A272F3A05E}
		{083DC13C-F603-4E76-9917-B4885EF6A753} = {48C8AC24-B29A-46FE-AFED-11A272F3A05E}
		{713F7716-28F4-45CD-A4B1-62A7899C1354} = {48C8AC24-B29A-46FE-AFED-11A272F3A05E}
		{7BD652CB-7EF1-4991-BA74-0FCB39E64D16} = {48C8AC24-B29A-46FE-AFED-11A272F3A05E}
		{1FE6C7C3-51E3-46E7-A1FA-9727FE8C6390} = {48C8AC24-B29A-46FE-AFED-11A272F3A05E}
		{949AF4DE-4E97-447E-8F2E-9A9711119DEC} = {A52F5B48-4E92-49F6-AEDA-CF94ABE080DD}
		{AD82F1D3-40E9-484A-B1A6-5420A53B0474} = {A52F5B48-4E92-49F6-AEDA-CF94ABE080DD}
		{EF011080-0BBC-44CA-9FB1-8E550492E3FC} = {A52F5B48-4E92-49F6-AEDA-CF94ABE080DD}
	EndGlobalSection
	GlobalSection(ExtensibilityGlobals) = postSolution
		SolutionGuid = {AECF6ADA-84C4-41A7-8E06-D72532FEBD54}
	EndGlobalSection
EndGlobal
