
Microsoft Visual Studio Solution File, Format Version 12.00
# Visual Studio Version 16
VisualStudioVersion = 16.0.31105.61
MinimumVisualStudioVersion = 10.0.40219.1
Project("{9A19103F-16F7-4668-BE54-9A1E7A4F7556}") = "Classes", "Classes\Classes.csproj", "{6B4E1B29-DF02-4B2D-BBDC-419FB59324B5}"
EndProject
Project("{9A19103F-16F7-4668-BE54-9A1E7A4F7556}") = "CSharpIntermediate", "CSharpIntermediate\CSharpIntermediate.csproj", "{6E26DDCF-CFB7-45CF-9ACE-F96BB285D121}"
EndProject
Project("{9A19103F-16F7-4668-BE54-9A1E7A4F7556}") = "Methods", "Methods\Methods.csproj", "{A1FABBCA-E995-4F54-90E7-CA8BC5FDDB1A}"
EndProject
Project("{9A19103F-16F7-4668-BE54-9A1E7A4F7556}") = "Fields", "Fields\Fields.csproj", "{1684C80B-774E-46C2-A294-68529654606C}"
EndProject
Project("{9A19103F-16F7-4668-BE54-9A1E7A4F7556}") = "AccessModifiers", "AccessModifiers\AccessModifiers.csproj", "{638A6BA0-E3B8-486F-9D9A-3B5F78BC7C35}"
EndProject
Project("{9A19103F-16F7-4668-BE54-9A1E7A4F7556}") = "Properties", "Properties\Properties.csproj", "{6DC008B7-EBA1-4569-BCD1-85CF974CA0D6}"
EndProject
Project("{9A19103F-16F7-4668-BE54-9A1E7A4F7556}") = "Indexer", "Indexer\Indexer.csproj", "{6BAD7128-CBE3-4C0D-AF76-ED139BD070EA}"
EndProject
Project("{2150E333-8FDC-42A3-9474-1A3956D46DE8}") = "1-Introduction", "1-Introduction", "{077A9FED-D062-45F2-8A91-B5AC76EC5C41}"
EndProject
Project("{2150E333-8FDC-42A3-9474-1A3956D46DE8}") = "Topics", "Topics", "{F2C774A3-5A9D-49AA-B59F-853B1F5469F1}"
EndProject
Project("{2150E333-8FDC-42A3-9474-1A3956D46DE8}") = "Exercises", "Exercises", "{6249BFB5-96C9-4D94-88BA-34865CFD5C49}"
EndProject
Project("{FAE04EC0-301F-11D3-BF4B-00C04F79EFBC}") = "Stopwatch.DesktopApp", "Stopwatch.DesktopApp\Stopwatch.DesktopApp.csproj", "{499992A0-357D-44BD-B3BF-FF67C3DC254B}"
EndProject
Project("{FAE04EC0-301F-11D3-BF4B-00C04F79EFBC}") = "Stopwatch.API", "Stopwatch.API\Stopwatch.API.csproj", "{44B1D820-7587-464B-B44F-104D372FF4C6}"
EndProject
Global
	GlobalSection(SolutionConfigurationPlatforms) = preSolution
		Debug|Any CPU = Debug|Any CPU
		Release|Any CPU = Release|Any CPU
	EndGlobalSection
	GlobalSection(ProjectConfigurationPlatforms) = postSolution
		{6B4E1B29-DF02-4B2D-BBDC-419FB59324B5}.Debug|Any CPU.ActiveCfg = Debug|Any CPU
		{6B4E1B29-DF02-4B2D-BBDC-419FB59324B5}.Debug|Any CPU.Build.0 = Debug|Any CPU
		{6B4E1B29-DF02-4B2D-BBDC-419FB59324B5}.Release|Any CPU.ActiveCfg = Release|Any CPU
		{6B4E1B29-DF02-4B2D-BBDC-419FB59324B5}.Release|Any CPU.Build.0 = Release|Any CPU
		{6E26DDCF-CFB7-45CF-9ACE-F96BB285D121}.Debug|Any CPU.ActiveCfg = Debug|Any CPU
		{6E26DDCF-CFB7-45CF-9ACE-F96BB285D121}.Debug|Any CPU.Build.0 = Debug|Any CPU
		{6E26DDCF-CFB7-45CF-9ACE-F96BB285D121}.Release|Any CPU.ActiveCfg = Release|Any CPU
		{6E26DDCF-CFB7-45CF-9ACE-F96BB285D121}.Release|Any CPU.Build.0 = Release|Any CPU
		{A1FABBCA-E995-4F54-90E7-CA8BC5FDDB1A}.Debug|Any CPU.ActiveCfg = Debug|Any CPU
		{A1FABBCA-E995-4F54-90E7-CA8BC5FDDB1A}.Debug|Any CPU.Build.0 = Debug|Any CPU
		{A1FABBCA-E995-4F54-90E7-CA8BC5FDDB1A}.Release|Any CPU.ActiveCfg = Release|Any CPU
		{A1FABBCA-E995-4F54-90E7-CA8BC5FDDB1A}.Release|Any CPU.Build.0 = Release|Any CPU
		{1684C80B-774E-46C2-A294-68529654606C}.Debug|Any CPU.ActiveCfg = Debug|Any CPU
		{1684C80B-774E-46C2-A294-68529654606C}.Debug|Any CPU.Build.0 = Debug|Any CPU
		{1684C80B-774E-46C2-A294-68529654606C}.Release|Any CPU.ActiveCfg = Release|Any CPU
		{1684C80B-774E-46C2-A294-68529654606C}.Release|Any CPU.Build.0 = Release|Any CPU
		{638A6BA0-E3B8-486F-9D9A-3B5F78BC7C35}.Debug|Any CPU.ActiveCfg = Debug|Any CPU
		{638A6BA0-E3B8-486F-9D9A-3B5F78BC7C35}.Debug|Any CPU.Build.0 = Debug|Any CPU
		{638A6BA0-E3B8-486F-9D9A-3B5F78BC7C35}.Release|Any CPU.ActiveCfg = Release|Any CPU
		{638A6BA0-E3B8-486F-9D9A-3B5F78BC7C35}.Release|Any CPU.Build.0 = Release|Any CPU
		{6DC008B7-EBA1-4569-BCD1-85CF974CA0D6}.Debug|Any CPU.ActiveCfg = Debug|Any CPU
		{6DC008B7-EBA1-4569-BCD1-85CF974CA0D6}.Debug|Any CPU.Build.0 = Debug|Any CPU
		{6DC008B7-EBA1-4569-BCD1-85CF974CA0D6}.Release|Any CPU.ActiveCfg = Release|Any CPU
		{6DC008B7-EBA1-4569-BCD1-85CF974CA0D6}.Release|Any CPU.Build.0 = Release|Any CPU
		{6BAD7128-CBE3-4C0D-AF76-ED139BD070EA}.Debug|Any CPU.ActiveCfg = Debug|Any CPU
		{6BAD7128-CBE3-4C0D-AF76-ED139BD070EA}.Debug|Any CPU.Build.0 = Debug|Any CPU
		{6BAD7128-CBE3-4C0D-AF76-ED139BD070EA}.Release|Any CPU.ActiveCfg = Release|Any CPU
		{6BAD7128-CBE3-4C0D-AF76-ED139BD070EA}.Release|Any CPU.Build.0 = Release|Any CPU
		{499992A0-357D-44BD-B3BF-FF67C3DC254B}.Debug|Any CPU.ActiveCfg = Debug|Any CPU
		{499992A0-357D-44BD-B3BF-FF67C3DC254B}.Debug|Any CPU.Build.0 = Debug|Any CPU
		{499992A0-357D-44BD-B3BF-FF67C3DC254B}.Release|Any CPU.ActiveCfg = Release|Any CPU
		{499992A0-357D-44BD-B3BF-FF67C3DC254B}.Release|Any CPU.Build.0 = Release|Any CPU
		{44B1D820-7587-464B-B44F-104D372FF4C6}.Debug|Any CPU.ActiveCfg = Debug|Any CPU
		{44B1D820-7587-464B-B44F-104D372FF4C6}.Debug|Any CPU.Build.0 = Debug|Any CPU
		{44B1D820-7587-464B-B44F-104D372FF4C6}.Release|Any CPU.ActiveCfg = Release|Any CPU
		{44B1D820-7587-464B-B44F-104D372FF4C6}.Release|Any CPU.Build.0 = Release|Any CPU
	EndGlobalSection
	GlobalSection(SolutionProperties) = preSolution
		HideSolutionNode = FALSE
	EndGlobalSection
	GlobalSection(NestedProjects) = preSolution
		{6B4E1B29-DF02-4B2D-BBDC-419FB59324B5} = {F2C774A3-5A9D-49AA-B59F-853B1F5469F1}
		{6E26DDCF-CFB7-45CF-9ACE-F96BB285D121} = {F2C774A3-5A9D-49AA-B59F-853B1F5469F1}
		{A1FABBCA-E995-4F54-90E7-CA8BC5FDDB1A} = {F2C774A3-5A9D-49AA-B59F-853B1F5469F1}
		{1684C80B-774E-46C2-A294-68529654606C} = {F2C774A3-5A9D-49AA-B59F-853B1F5469F1}
		{638A6BA0-E3B8-486F-9D9A-3B5F78BC7C35} = {F2C774A3-5A9D-49AA-B59F-853B1F5469F1}
		{6DC008B7-EBA1-4569-BCD1-85CF974CA0D6} = {F2C774A3-5A9D-49AA-B59F-853B1F5469F1}
		{6BAD7128-CBE3-4C0D-AF76-ED139BD070EA} = {F2C774A3-5A9D-49AA-B59F-853B1F5469F1}
		{F2C774A3-5A9D-49AA-B59F-853B1F5469F1} = {077A9FED-D062-45F2-8A91-B5AC76EC5C41}
		{6249BFB5-96C9-4D94-88BA-34865CFD5C49} = {077A9FED-D062-45F2-8A91-B5AC76EC5C41}
		{499992A0-357D-44BD-B3BF-FF67C3DC254B} = {6249BFB5-96C9-4D94-88BA-34865CFD5C49}
		{44B1D820-7587-464B-B44F-104D372FF4C6} = {6249BFB5-96C9-4D94-88BA-34865CFD5C49}
	EndGlobalSection
	GlobalSection(ExtensibilityGlobals) = postSolution
		SolutionGuid = {AECF6ADA-84C4-41A7-8E06-D72532FEBD54}
	EndGlobalSection
EndGlobal
